
Microsoft Visual Studio Solution File, Format Version 12.00
# Visual Studio Version 17
VisualStudioVersion = 17.4.33103.184
MinimumVisualStudioVersion = 10.0.40219.1
Project("{FAE04EC0-301F-11D3-BF4B-00C04F79EFBC}") = "AdjacentTriangleApp", "AdjacentTriangleApp\AdjacentTriangleApp.csproj", "{9FDC5648-D77E-4ECB-A73D-B3B6E8F1BEFD}"
EndProject
Global
	GlobalSection(SolutionConfigurationPlatforms) = preSolution
		Debug|Any CPU = Debug|Any CPU
		Release|Any CPU = Release|Any CPU
	EndGlobalSection
	GlobalSection(ProjectConfigurationPlatforms) = postSolution
		{9FDC5648-D77E-4ECB-A73D-B3B6E8F1BEFD}.Debug|Any CPU.ActiveCfg = Debug|Any CPU
		{9FDC5648-D77E-4ECB-A73D-B3B6E8F1BEFD}.Debug|Any CPU.Build.0 = Debug|Any CPU
		{9FDC5648-D77E-4ECB-A73D-B3B6E8F1BEFD}.Release|Any CPU.ActiveCfg = Release|Any CPU
		{9FDC5648-D77E-4ECB-A73D-B3B6E8F1BEFD}.Release|Any CPU.Build.0 = Release|Any CPU
	EndGlobalSection
	GlobalSection(SolutionProperties) = preSolution
		HideSolutionNode = FALSE
	EndGlobalSection
	GlobalSection(ExtensibilityGlobals) = postSolution
		SolutionGuid = {CB789218-872F-406F-8938-90C8942DA83F}
	EndGlobalSection
EndGlobal
